
Microsoft Visual Studio Solution File, Format Version 12.00
# Visual Studio Version 16
VisualStudioVersion = 16.0.29905.134
MinimumVisualStudioVersion = 10.0.40219.1
Project("{FAE04EC0-301F-11D3-BF4B-00C04F79EFBC}") = "Clase 2", "Clase 2\Clase 2.csproj", "{33434C64-8E7B-418F-B1D0-E83A15EC7F6B}"
EndProject
Global
	GlobalSection(SolutionConfigurationPlatforms) = preSolution
		Debug|Any CPU = Debug|Any CPU
		Release|Any CPU = Release|Any CPU
	EndGlobalSection
	GlobalSection(ProjectConfigurationPlatforms) = postSolution
		{33434C64-8E7B-418F-B1D0-E83A15EC7F6B}.Debug|Any CPU.ActiveCfg = Debug|Any CPU
		{33434C64-8E7B-418F-B1D0-E83A15EC7F6B}.Debug|Any CPU.Build.0 = Debug|Any CPU
		{33434C64-8E7B-418F-B1D0-E83A15EC7F6B}.Release|Any CPU.ActiveCfg = Release|Any CPU
		{33434C64-8E7B-418F-B1D0-E83A15EC7F6B}.Release|Any CPU.Build.0 = Release|Any CPU
	EndGlobalSection
	GlobalSection(SolutionProperties) = preSolution
		HideSolutionNode = FALSE
	EndGlobalSection
	GlobalSection(ExtensibilityGlobals) = postSolution
		SolutionGuid = {72112FDE-F03F-48D7-A223-6D189EF2B155}
	EndGlobalSection
EndGlobal
