
Microsoft Visual Studio Solution File, Format Version 12.00
# Visual Studio Version 16
VisualStudioVersion = 16.0.30002.166
MinimumVisualStudioVersion = 10.0.40219.1
Project("{FAE04EC0-301F-11D3-BF4B-00C04F79EFBC}") = "Repaso_Estacionamiento", "Repaso_Estacionamiento\Repaso_Estacionamiento.csproj", "{C2FD1238-7AB4-4F68-9A99-32A15BE085A9}"
EndProject
Project("{FAE04EC0-301F-11D3-BF4B-00C04F79EFBC}") = "Entidades", "Entidades\Entidades.csproj", "{AD026C91-AC10-40B0-AE6B-FC7876BD64AD}"
EndProject
Project("{FAE04EC0-301F-11D3-BF4B-00C04F79EFBC}") = "Estacionamiento_Forms", "Estacionamiento_Forms\Estacionamiento_Forms.csproj", "{7D969791-13C3-4ED9-8C8A-D89D61C5E6E5}"
EndProject
Global
	GlobalSection(SolutionConfigurationPlatforms) = preSolution
		Debug|Any CPU = Debug|Any CPU
		Release|Any CPU = Release|Any CPU
	EndGlobalSection
	GlobalSection(ProjectConfigurationPlatforms) = postSolution
		{C2FD1238-7AB4-4F68-9A99-32A15BE085A9}.Debug|Any CPU.ActiveCfg = Debug|Any CPU
		{C2FD1238-7AB4-4F68-9A99-32A15BE085A9}.Debug|Any CPU.Build.0 = Debug|Any CPU
		{C2FD1238-7AB4-4F68-9A99-32A15BE085A9}.Release|Any CPU.ActiveCfg = Release|Any CPU
		{C2FD1238-7AB4-4F68-9A99-32A15BE085A9}.Release|Any CPU.Build.0 = Release|Any CPU
		{AD026C91-AC10-40B0-AE6B-FC7876BD64AD}.Debug|Any CPU.ActiveCfg = Debug|Any CPU
		{AD026C91-AC10-40B0-AE6B-FC7876BD64AD}.Debug|Any CPU.Build.0 = Debug|Any CPU
		{AD026C91-AC10-40B0-AE6B-FC7876BD64AD}.Release|Any CPU.ActiveCfg = Release|Any CPU
		{AD026C91-AC10-40B0-AE6B-FC7876BD64AD}.Release|Any CPU.Build.0 = Release|Any CPU
		{7D969791-13C3-4ED9-8C8A-D89D61C5E6E5}.Debug|Any CPU.ActiveCfg = Debug|Any CPU
		{7D969791-13C3-4ED9-8C8A-D89D61C5E6E5}.Debug|Any CPU.Build.0 = Debug|Any CPU
		{7D969791-13C3-4ED9-8C8A-D89D61C5E6E5}.Release|Any CPU.ActiveCfg = Release|Any CPU
		{7D969791-13C3-4ED9-8C8A-D89D61C5E6E5}.Release|Any CPU.Build.0 = Release|Any CPU
	EndGlobalSection
	GlobalSection(SolutionProperties) = preSolution
		HideSolutionNode = FALSE
	EndGlobalSection
	GlobalSection(ExtensibilityGlobals) = postSolution
		SolutionGuid = {3566625D-8ABD-4387-9DCD-64627F5BB84B}
	EndGlobalSection
EndGlobal
